
Microsoft Visual Studio Solution File, Format Version 12.00
# Visual Studio Version 17
VisualStudioVersion = 17.0.31903.59
MinimumVisualStudioVersion = 10.0.40219.1
Project("{2150E333-8FDC-42A3-9474-1A3956D46DE8}") = "src", "src", "{504149A5-8FEB-4D42-ACFA-F71707405684}"
EndProject
Project("{9A19103F-16F7-4668-BE54-9A1E7A4F7556}") = "eShopOnTelegram.Domain", "src\eShopOnTelegram.Domain\eShopOnTelegram.Domain.csproj", "{A8FA9012-97C4-4E49-A266-1AB55A3B90A3}"
EndProject
Project("{9A19103F-16F7-4668-BE54-9A1E7A4F7556}") = "eShopOnTelegram.Admin", "src\eShopOnTelegram.Admin\eShopOnTelegram.Admin.csproj", "{8DAFAB25-9908-4F00-AC17-1DD67B50254B}"
EndProject
Project("{9A19103F-16F7-4668-BE54-9A1E7A4F7556}") = "eShopOnTelegram.Persistence", "src\eShopOnTelegram.Persistence\eShopOnTelegram.Persistence.csproj", "{24F45FA7-0F55-4E65-806F-AE96A9EF1EAD}"
EndProject
Project("{9A19103F-16F7-4668-BE54-9A1E7A4F7556}") = "eShopOnTelegram.Shop", "src\eShopOnTelegram.Shop\eShopOnTelegram.Shop.csproj", "{25298EA9-A2D5-4507-A144-EF04994D50E5}"
EndProject
Project("{2150E333-8FDC-42A3-9474-1A3956D46DE8}") = "Solution Items", "Solution Items", "{0B7AAAF4-DF4B-4422-A5FE-90521D21A26C}"
	ProjectSection(SolutionItems) = preProject
		.editorconfig = .editorconfig
	EndProjectSection
EndProject
Project("{2150E333-8FDC-42A3-9474-1A3956D46DE8}") = "tests", "tests", "{874E042E-04E0-4623-B6E1-90DD0021C80A}"
EndProject
Project("{9A19103F-16F7-4668-BE54-9A1E7A4F7556}") = "eShopOnTelegram.Domain.IntegrationTests", "tests\eShopOnTelegram.Domain.IntegrationTests\eShopOnTelegram.Domain.IntegrationTests.csproj", "{FB856734-FB6D-44C8-9A97-121716A34C61}"
EndProject
Project("{9A19103F-16F7-4668-BE54-9A1E7A4F7556}") = "eShopOnTelegram.ExternalServices", "src\eShopOnTelegram.ExternalServices\eShopOnTelegram.ExternalServices.csproj", "{A5CB223B-08A7-4D68-93FF-0D1206BA73F4}"
EndProject
Project("{9A19103F-16F7-4668-BE54-9A1E7A4F7556}") = "eShopOnTelegram.RuntimeConfiguration", "src\eShopOnTelegram.RuntimeConfiguration\eShopOnTelegram.RuntimeConfiguration.csproj", "{A5C20D3D-517B-4EC5-B721-CF9F5A426E34}"
EndProject
Project("{9A19103F-16F7-4668-BE54-9A1E7A4F7556}") = "eShopOnTelegram.TelegramBot.UnitTests", "tests\eShopOnTelegram.TelegramBot.UnitTests\eShopOnTelegram.TelegramBot.UnitTests.csproj", "{A411F2D1-8EC5-49BF-ADC9-76A654160EC3}"
EndProject
Project("{9A19103F-16F7-4668-BE54-9A1E7A4F7556}") = "eShopOnTelegram.Notifications", "src\eShopOnTelegram.Notifications\eShopOnTelegram.Notifications.csproj", "{202CF239-842A-44CA-B9FD-B39AF6D31B03}"
EndProject
Project("{9A19103F-16F7-4668-BE54-9A1E7A4F7556}") = "eShopOnTelegram.Utils", "src\eShopOnTelegram.Utils\eShopOnTelegram.Utils.csproj", "{4BC19481-9F4E-4B11-A724-9BEF43D5D571}"
EndProject
Project("{9A19103F-16F7-4668-BE54-9A1E7A4F7556}") = "eShopOnTelegram.Translations", "src\eShopOnTelegram.Translations\eShopOnTelegram.Translations.csproj", "{2651BD1C-96F2-4EDD-A467-D2AA1D62F8C9}"
EndProject
Project("{9A19103F-16F7-4668-BE54-9A1E7A4F7556}") = "eShopOnTelegram.Translations.Tests", "tests\eShopOnTelegram.Translations.Tests\eShopOnTelegram.Translations.Tests.csproj", "{218312E5-274B-45F5-9207-BD0D85DAFAAF}"
EndProject
Project("{FAE04EC0-301F-11D3-BF4B-00C04F79EFBC}") = "eShopOnTelegram.Utils.Tests", "tests\eShopOnTelegram.Utils.Tests\eShopOnTelegram.Utils.Tests.csproj", "{B9ACD399-4750-4A64-B6F9-AA7DA21F3B6D}"
EndProject
Global
	GlobalSection(SolutionConfigurationPlatforms) = preSolution
		Debug|Any CPU = Debug|Any CPU
		Release|Any CPU = Release|Any CPU
	EndGlobalSection
	GlobalSection(ProjectConfigurationPlatforms) = postSolution
		{A8FA9012-97C4-4E49-A266-1AB55A3B90A3}.Debug|Any CPU.ActiveCfg = Debug|Any CPU
		{A8FA9012-97C4-4E49-A266-1AB55A3B90A3}.Debug|Any CPU.Build.0 = Debug|Any CPU
		{A8FA9012-97C4-4E49-A266-1AB55A3B90A3}.Release|Any CPU.ActiveCfg = Release|Any CPU
		{A8FA9012-97C4-4E49-A266-1AB55A3B90A3}.Release|Any CPU.Build.0 = Release|Any CPU
		{8DAFAB25-9908-4F00-AC17-1DD67B50254B}.Debug|Any CPU.ActiveCfg = Debug|Any CPU
		{8DAFAB25-9908-4F00-AC17-1DD67B50254B}.Debug|Any CPU.Build.0 = Debug|Any CPU
		{8DAFAB25-9908-4F00-AC17-1DD67B50254B}.Release|Any CPU.ActiveCfg = Release|Any CPU
		{8DAFAB25-9908-4F00-AC17-1DD67B50254B}.Release|Any CPU.Build.0 = Release|Any CPU
		{24F45FA7-0F55-4E65-806F-AE96A9EF1EAD}.Debug|Any CPU.ActiveCfg = Debug|Any CPU
		{24F45FA7-0F55-4E65-806F-AE96A9EF1EAD}.Debug|Any CPU.Build.0 = Debug|Any CPU
		{24F45FA7-0F55-4E65-806F-AE96A9EF1EAD}.Release|Any CPU.ActiveCfg = Release|Any CPU
		{24F45FA7-0F55-4E65-806F-AE96A9EF1EAD}.Release|Any CPU.Build.0 = Release|Any CPU
		{25298EA9-A2D5-4507-A144-EF04994D50E5}.Debug|Any CPU.ActiveCfg = Debug|Any CPU
		{25298EA9-A2D5-4507-A144-EF04994D50E5}.Debug|Any CPU.Build.0 = Debug|Any CPU
		{25298EA9-A2D5-4507-A144-EF04994D50E5}.Release|Any CPU.ActiveCfg = Release|Any CPU
		{25298EA9-A2D5-4507-A144-EF04994D50E5}.Release|Any CPU.Build.0 = Release|Any CPU
		{FB856734-FB6D-44C8-9A97-121716A34C61}.Debug|Any CPU.ActiveCfg = Debug|Any CPU
		{FB856734-FB6D-44C8-9A97-121716A34C61}.Debug|Any CPU.Build.0 = Debug|Any CPU
		{FB856734-FB6D-44C8-9A97-121716A34C61}.Release|Any CPU.ActiveCfg = Release|Any CPU
		{FB856734-FB6D-44C8-9A97-121716A34C61}.Release|Any CPU.Build.0 = Release|Any CPU
		{A5CB223B-08A7-4D68-93FF-0D1206BA73F4}.Debug|Any CPU.ActiveCfg = Debug|Any CPU
		{A5CB223B-08A7-4D68-93FF-0D1206BA73F4}.Debug|Any CPU.Build.0 = Debug|Any CPU
		{A5CB223B-08A7-4D68-93FF-0D1206BA73F4}.Release|Any CPU.ActiveCfg = Release|Any CPU
		{A5CB223B-08A7-4D68-93FF-0D1206BA73F4}.Release|Any CPU.Build.0 = Release|Any CPU
		{A5C20D3D-517B-4EC5-B721-CF9F5A426E34}.Debug|Any CPU.ActiveCfg = Debug|Any CPU
		{A5C20D3D-517B-4EC5-B721-CF9F5A426E34}.Debug|Any CPU.Build.0 = Debug|Any CPU
		{A5C20D3D-517B-4EC5-B721-CF9F5A426E34}.Release|Any CPU.ActiveCfg = Release|Any CPU
		{A5C20D3D-517B-4EC5-B721-CF9F5A426E34}.Release|Any CPU.Build.0 = Release|Any CPU
		{A411F2D1-8EC5-49BF-ADC9-76A654160EC3}.Debug|Any CPU.ActiveCfg = Debug|Any CPU
		{A411F2D1-8EC5-49BF-ADC9-76A654160EC3}.Debug|Any CPU.Build.0 = Debug|Any CPU
		{A411F2D1-8EC5-49BF-ADC9-76A654160EC3}.Release|Any CPU.ActiveCfg = Release|Any CPU
		{A411F2D1-8EC5-49BF-ADC9-76A654160EC3}.Release|Any CPU.Build.0 = Release|Any CPU
		{202CF239-842A-44CA-B9FD-B39AF6D31B03}.Debug|Any CPU.ActiveCfg = Debug|Any CPU
		{202CF239-842A-44CA-B9FD-B39AF6D31B03}.Debug|Any CPU.Build.0 = Debug|Any CPU
		{202CF239-842A-44CA-B9FD-B39AF6D31B03}.Release|Any CPU.ActiveCfg = Release|Any CPU
		{202CF239-842A-44CA-B9FD-B39AF6D31B03}.Release|Any CPU.Build.0 = Release|Any CPU
		{4BC19481-9F4E-4B11-A724-9BEF43D5D571}.Debug|Any CPU.ActiveCfg = Debug|Any CPU
		{4BC19481-9F4E-4B11-A724-9BEF43D5D571}.Debug|Any CPU.Build.0 = Debug|Any CPU
		{4BC19481-9F4E-4B11-A724-9BEF43D5D571}.Release|Any CPU.ActiveCfg = Release|Any CPU
		{4BC19481-9F4E-4B11-A724-9BEF43D5D571}.Release|Any CPU.Build.0 = Release|Any CPU
		{2651BD1C-96F2-4EDD-A467-D2AA1D62F8C9}.Debug|Any CPU.ActiveCfg = Debug|Any CPU
		{2651BD1C-96F2-4EDD-A467-D2AA1D62F8C9}.Debug|Any CPU.Build.0 = Debug|Any CPU
		{2651BD1C-96F2-4EDD-A467-D2AA1D62F8C9}.Release|Any CPU.ActiveCfg = Release|Any CPU
		{2651BD1C-96F2-4EDD-A467-D2AA1D62F8C9}.Release|Any CPU.Build.0 = Release|Any CPU
		{218312E5-274B-45F5-9207-BD0D85DAFAAF}.Debug|Any CPU.ActiveCfg = Debug|Any CPU
		{218312E5-274B-45F5-9207-BD0D85DAFAAF}.Debug|Any CPU.Build.0 = Debug|Any CPU
		{218312E5-274B-45F5-9207-BD0D85DAFAAF}.Release|Any CPU.ActiveCfg = Release|Any CPU
		{218312E5-274B-45F5-9207-BD0D85DAFAAF}.Release|Any CPU.Build.0 = Release|Any CPU
		{B9ACD399-4750-4A64-B6F9-AA7DA21F3B6D}.Debug|Any CPU.ActiveCfg = Debug|Any CPU
		{B9ACD399-4750-4A64-B6F9-AA7DA21F3B6D}.Debug|Any CPU.Build.0 = Debug|Any CPU
		{B9ACD399-4750-4A64-B6F9-AA7DA21F3B6D}.Release|Any CPU.ActiveCfg = Release|Any CPU
		{B9ACD399-4750-4A64-B6F9-AA7DA21F3B6D}.Release|Any CPU.Build.0 = Release|Any CPU
	EndGlobalSection
	GlobalSection(SolutionProperties) = preSolution
		HideSolutionNode = FALSE
	EndGlobalSection
	GlobalSection(NestedProjects) = preSolution
		{A8FA9012-97C4-4E49-A266-1AB55A3B90A3} = {504149A5-8FEB-4D42-ACFA-F71707405684}
		{8DAFAB25-9908-4F00-AC17-1DD67B50254B} = {504149A5-8FEB-4D42-ACFA-F71707405684}
		{24F45FA7-0F55-4E65-806F-AE96A9EF1EAD} = {504149A5-8FEB-4D42-ACFA-F71707405684}
		{25298EA9-A2D5-4507-A144-EF04994D50E5} = {504149A5-8FEB-4D42-ACFA-F71707405684}
		{FB856734-FB6D-44C8-9A97-121716A34C61} = {874E042E-04E0-4623-B6E1-90DD0021C80A}
		{A5CB223B-08A7-4D68-93FF-0D1206BA73F4} = {504149A5-8FEB-4D42-ACFA-F71707405684}
		{A5C20D3D-517B-4EC5-B721-CF9F5A426E34} = {504149A5-8FEB-4D42-ACFA-F71707405684}
		{A411F2D1-8EC5-49BF-ADC9-76A654160EC3} = {874E042E-04E0-4623-B6E1-90DD0021C80A}
		{202CF239-842A-44CA-B9FD-B39AF6D31B03} = {504149A5-8FEB-4D42-ACFA-F71707405684}
		{4BC19481-9F4E-4B11-A724-9BEF43D5D571} = {504149A5-8FEB-4D42-ACFA-F71707405684}
		{2651BD1C-96F2-4EDD-A467-D2AA1D62F8C9} = {504149A5-8FEB-4D42-ACFA-F71707405684}
		{218312E5-274B-45F5-9207-BD0D85DAFAAF} = {874E042E-04E0-4623-B6E1-90DD0021C80A}
		{B9ACD399-4750-4A64-B6F9-AA7DA21F3B6D} = {874E042E-04E0-4623-B6E1-90DD0021C80A}
	EndGlobalSection
	GlobalSection(ExtensibilityGlobals) = postSolution
		SolutionGuid = {C63F10C5-8BC5-4A50-9D97-E705571A20A6}
	EndGlobalSection
EndGlobal
