
Microsoft Visual Studio Solution File, Format Version 12.00
# Visual Studio Version 17
VisualStudioVersion = 17.0.31903.59
MinimumVisualStudioVersion = 10.0.40219.1
Project("{2150E333-8FDC-42A3-9474-1A3956D46DE8}") = "src", "src", "{504149A5-8FEB-4D42-ACFA-F71707405684}"
EndProject
Project("{9A19103F-16F7-4668-BE54-9A1E7A4F7556}") = "eShopOnTelegram.Domain", "src\eShopOnTelegram.Domain\eShopOnTelegram.Domain.csproj", "{A8FA9012-97C4-4E49-A266-1AB55A3B90A3}"
EndProject
Project("{9A19103F-16F7-4668-BE54-9A1E7A4F7556}") = "eShopOnTelegram.Admin", "src\eShopOnTelegram.Admin\eShopOnTelegram.Admin.csproj", "{8DAFAB25-9908-4F00-AC17-1DD67B50254B}"
EndProject
Project("{9A19103F-16F7-4668-BE54-9A1E7A4F7556}") = "eShopOnTelegram.TelegramBot", "src\eShopOnTelegram.TelegramBot\eShopOnTelegram.TelegramBot.csproj", "{297249AA-3C52-4A09-9E2F-997CE791E54F}"
EndProject
Project("{9A19103F-16F7-4668-BE54-9A1E7A4F7556}") = "eShopOnTelegram.Persistence", "src\eShopOnTelegram.Persistence\eShopOnTelegram.Persistence.csproj", "{24F45FA7-0F55-4E65-806F-AE96A9EF1EAD}"
EndProject
Project("{FAE04EC0-301F-11D3-BF4B-00C04F79EFBC}") = "eShopOnTelegram.TelegramWebApp", "src\eShopOnTelegram.TelegramWebApp\eShopOnTelegram.TelegramWebApp.csproj", "{25298EA9-A2D5-4507-A144-EF04994D50E5}"
EndProject
Global
	GlobalSection(SolutionConfigurationPlatforms) = preSolution
		Debug|Any CPU = Debug|Any CPU
		Release|Any CPU = Release|Any CPU
	EndGlobalSection
	GlobalSection(ProjectConfigurationPlatforms) = postSolution
		{A8FA9012-97C4-4E49-A266-1AB55A3B90A3}.Debug|Any CPU.ActiveCfg = Debug|Any CPU
		{A8FA9012-97C4-4E49-A266-1AB55A3B90A3}.Debug|Any CPU.Build.0 = Debug|Any CPU
		{A8FA9012-97C4-4E49-A266-1AB55A3B90A3}.Release|Any CPU.ActiveCfg = Release|Any CPU
		{A8FA9012-97C4-4E49-A266-1AB55A3B90A3}.Release|Any CPU.Build.0 = Release|Any CPU
		{8DAFAB25-9908-4F00-AC17-1DD67B50254B}.Debug|Any CPU.ActiveCfg = Debug|Any CPU
		{8DAFAB25-9908-4F00-AC17-1DD67B50254B}.Debug|Any CPU.Build.0 = Debug|Any CPU
		{8DAFAB25-9908-4F00-AC17-1DD67B50254B}.Release|Any CPU.ActiveCfg = Release|Any CPU
		{8DAFAB25-9908-4F00-AC17-1DD67B50254B}.Release|Any CPU.Build.0 = Release|Any CPU
		{297249AA-3C52-4A09-9E2F-997CE791E54F}.Debug|Any CPU.ActiveCfg = Debug|Any CPU
		{297249AA-3C52-4A09-9E2F-997CE791E54F}.Debug|Any CPU.Build.0 = Debug|Any CPU
		{297249AA-3C52-4A09-9E2F-997CE791E54F}.Release|Any CPU.ActiveCfg = Release|Any CPU
		{297249AA-3C52-4A09-9E2F-997CE791E54F}.Release|Any CPU.Build.0 = Release|Any CPU
		{24F45FA7-0F55-4E65-806F-AE96A9EF1EAD}.Debug|Any CPU.ActiveCfg = Debug|Any CPU
		{24F45FA7-0F55-4E65-806F-AE96A9EF1EAD}.Debug|Any CPU.Build.0 = Debug|Any CPU
		{24F45FA7-0F55-4E65-806F-AE96A9EF1EAD}.Release|Any CPU.ActiveCfg = Release|Any CPU
		{24F45FA7-0F55-4E65-806F-AE96A9EF1EAD}.Release|Any CPU.Build.0 = Release|Any CPU
		{25298EA9-A2D5-4507-A144-EF04994D50E5}.Debug|Any CPU.ActiveCfg = Debug|Any CPU
		{25298EA9-A2D5-4507-A144-EF04994D50E5}.Debug|Any CPU.Build.0 = Debug|Any CPU
		{25298EA9-A2D5-4507-A144-EF04994D50E5}.Release|Any CPU.ActiveCfg = Release|Any CPU
		{25298EA9-A2D5-4507-A144-EF04994D50E5}.Release|Any CPU.Build.0 = Release|Any CPU
	EndGlobalSection
	GlobalSection(SolutionProperties) = preSolution
		HideSolutionNode = FALSE
	EndGlobalSection
	GlobalSection(NestedProjects) = preSolution
		{A8FA9012-97C4-4E49-A266-1AB55A3B90A3} = {504149A5-8FEB-4D42-ACFA-F71707405684}
		{8DAFAB25-9908-4F00-AC17-1DD67B50254B} = {504149A5-8FEB-4D42-ACFA-F71707405684}
		{297249AA-3C52-4A09-9E2F-997CE791E54F} = {504149A5-8FEB-4D42-ACFA-F71707405684}
		{24F45FA7-0F55-4E65-806F-AE96A9EF1EAD} = {504149A5-8FEB-4D42-ACFA-F71707405684}
		{25298EA9-A2D5-4507-A144-EF04994D50E5} = {504149A5-8FEB-4D42-ACFA-F71707405684}
	EndGlobalSection
	GlobalSection(ExtensibilityGlobals) = postSolution
		SolutionGuid = {C63F10C5-8BC5-4A50-9D97-E705571A20A6}
	EndGlobalSection
EndGlobal
